
Microsoft Visual Studio Solution File, Format Version 12.00
# Visual Studio 2012
Project("{FAE04EC0-301F-11D3-BF4B-00C04F79EFBC}") = "DW.FantasyFootball.Domain", "DW.FantasyFootball.Domain\DW.FantasyFootball.Domain.csproj", "{528FA96E-E479-4BD2-AD28-6F3FD9538769}"
EndProject
Project("{FAE04EC0-301F-11D3-BF4B-00C04F79EFBC}") = "DW.FantasyFootball.Console", "DW.FantasyFootball.Console\DW.FantasyFootball.Console.csproj", "{56032EC8-CFC5-45C7-B5F5-3040FB95E987}"
EndProject
Project("{FAE04EC0-301F-11D3-BF4B-00C04F79EFBC}") = "Domain.Scenarios", "Domain.Scenarios\Domain.Scenarios.csproj", "{3B6A3953-D597-4715-B1EC-C100EA52E808}"
EndProject
Project("{FAE04EC0-301F-11D3-BF4B-00C04F79EFBC}") = "Domain.UnitTests", "Domain.UnitTests\Domain.UnitTests.csproj", "{ABF49338-C893-4F92-8F56-4A04D67AE14D}"
EndProject
Project("{FAE04EC0-301F-11D3-BF4B-00C04F79EFBC}") = "AlgorithmFinder.ConsoleUI", "AlgorithmFinder\AlgorithmFinder.ConsoleUI.csproj", "{5610A3AB-5ACF-4F1D-94D1-9FE76118669B}"
EndProject
Project("{FAE04EC0-301F-11D3-BF4B-00C04F79EFBC}") = "AlgorithimFinder.Scenarios", "AlgorithimFinder.Scenarios\AlgorithimFinder.Scenarios.csproj", "{3213CBF1-48C6-47A6-9929-4E033A80EFD5}"
EndProject
Project("{2150E333-8FDC-42A3-9474-1A3956D46DE8}") = "Solution Items", "Solution Items", "{9E93CE2B-6B47-4826-9143-C01268B91AA7}"
	ProjectSection(SolutionItems) = preProject
		scratchpad.txt = scratchpad.txt
	EndProjectSection
EndProject
Project("{FAE04EC0-301F-11D3-BF4B-00C04F79EFBC}") = "AlgorithmFinder.Data", "AlgorithmFinder.Data\AlgorithmFinder.Data.csproj", "{8C95B4EA-96E8-4CD4-B3D5-F3A927F3CE2D}"
EndProject
Project("{FAE04EC0-301F-11D3-BF4B-00C04F79EFBC}") = "Spike", "Spike\Spike.csproj", "{D95F7ABB-087E-452E-931F-DFF61FBEC24A}"
EndProject
Project("{FAE04EC0-301F-11D3-BF4B-00C04F79EFBC}") = "SpikeConsole", "SpikeConsole\SpikeConsole.csproj", "{F3DDF598-C521-42E7-B02B-1B500774F8F1}"
EndProject
Project("{FAE04EC0-301F-11D3-BF4B-00C04F79EFBC}") = "AlgorithmFinder.Application", "AlgorithmFinder.Application\AlgorithmFinder.Application.csproj", "{1FDEF00B-C6C4-4E58-8503-F3B4C3E087EC}"
EndProject
Project("{FAE04EC0-301F-11D3-BF4B-00C04F79EFBC}") = "AlgorithmFinder.Tests", "AlgorithmFinder.Tests\AlgorithmFinder.Tests.csproj", "{1CC8C2F1-FE42-4550-944F-3CCC1C68581D}"
EndProject
Global
	GlobalSection(SolutionConfigurationPlatforms) = preSolution
		Debug|Any CPU = Debug|Any CPU
		Debug|Mixed Platforms = Debug|Mixed Platforms
		Debug|x86 = Debug|x86
		Release|Any CPU = Release|Any CPU
		Release|Mixed Platforms = Release|Mixed Platforms
		Release|x86 = Release|x86
	EndGlobalSection
	GlobalSection(ProjectConfigurationPlatforms) = postSolution
		{528FA96E-E479-4BD2-AD28-6F3FD9538769}.Debug|Any CPU.ActiveCfg = Debug|Any CPU
		{528FA96E-E479-4BD2-AD28-6F3FD9538769}.Debug|Any CPU.Build.0 = Debug|Any CPU
		{528FA96E-E479-4BD2-AD28-6F3FD9538769}.Debug|Mixed Platforms.ActiveCfg = Debug|Any CPU
		{528FA96E-E479-4BD2-AD28-6F3FD9538769}.Debug|Mixed Platforms.Build.0 = Debug|Any CPU
		{528FA96E-E479-4BD2-AD28-6F3FD9538769}.Debug|x86.ActiveCfg = Debug|Any CPU
		{528FA96E-E479-4BD2-AD28-6F3FD9538769}.Release|Any CPU.ActiveCfg = Release|Any CPU
		{528FA96E-E479-4BD2-AD28-6F3FD9538769}.Release|Any CPU.Build.0 = Release|Any CPU
		{528FA96E-E479-4BD2-AD28-6F3FD9538769}.Release|Mixed Platforms.ActiveCfg = Release|Any CPU
		{528FA96E-E479-4BD2-AD28-6F3FD9538769}.Release|Mixed Platforms.Build.0 = Release|Any CPU
		{528FA96E-E479-4BD2-AD28-6F3FD9538769}.Release|x86.ActiveCfg = Release|Any CPU
		{56032EC8-CFC5-45C7-B5F5-3040FB95E987}.Debug|Any CPU.ActiveCfg = Debug|x86
		{56032EC8-CFC5-45C7-B5F5-3040FB95E987}.Debug|Mixed Platforms.ActiveCfg = Debug|x86
		{56032EC8-CFC5-45C7-B5F5-3040FB95E987}.Debug|Mixed Platforms.Build.0 = Debug|x86
		{56032EC8-CFC5-45C7-B5F5-3040FB95E987}.Debug|x86.ActiveCfg = Debug|x86
		{56032EC8-CFC5-45C7-B5F5-3040FB95E987}.Debug|x86.Build.0 = Debug|x86
		{56032EC8-CFC5-45C7-B5F5-3040FB95E987}.Release|Any CPU.ActiveCfg = Release|x86
		{56032EC8-CFC5-45C7-B5F5-3040FB95E987}.Release|Mixed Platforms.ActiveCfg = Release|x86
		{56032EC8-CFC5-45C7-B5F5-3040FB95E987}.Release|Mixed Platforms.Build.0 = Release|x86
		{56032EC8-CFC5-45C7-B5F5-3040FB95E987}.Release|x86.ActiveCfg = Release|x86
		{56032EC8-CFC5-45C7-B5F5-3040FB95E987}.Release|x86.Build.0 = Release|x86
		{3B6A3953-D597-4715-B1EC-C100EA52E808}.Debug|Any CPU.ActiveCfg = Debug|Any CPU
		{3B6A3953-D597-4715-B1EC-C100EA52E808}.Debug|Any CPU.Build.0 = Debug|Any CPU
		{3B6A3953-D597-4715-B1EC-C100EA52E808}.Debug|Mixed Platforms.ActiveCfg = Debug|Any CPU
		{3B6A3953-D597-4715-B1EC-C100EA52E808}.Debug|Mixed Platforms.Build.0 = Debug|Any CPU
		{3B6A3953-D597-4715-B1EC-C100EA52E808}.Debug|x86.ActiveCfg = Debug|Any CPU
		{3B6A3953-D597-4715-B1EC-C100EA52E808}.Release|Any CPU.ActiveCfg = Release|Any CPU
		{3B6A3953-D597-4715-B1EC-C100EA52E808}.Release|Any CPU.Build.0 = Release|Any CPU
		{3B6A3953-D597-4715-B1EC-C100EA52E808}.Release|Mixed Platforms.ActiveCfg = Release|Any CPU
		{3B6A3953-D597-4715-B1EC-C100EA52E808}.Release|Mixed Platforms.Build.0 = Release|Any CPU
		{3B6A3953-D597-4715-B1EC-C100EA52E808}.Release|x86.ActiveCfg = Release|Any CPU
		{ABF49338-C893-4F92-8F56-4A04D67AE14D}.Debug|Any CPU.ActiveCfg = Debug|Any CPU
		{ABF49338-C893-4F92-8F56-4A04D67AE14D}.Debug|Any CPU.Build.0 = Debug|Any CPU
		{ABF49338-C893-4F92-8F56-4A04D67AE14D}.Debug|Mixed Platforms.ActiveCfg = Debug|Any CPU
		{ABF49338-C893-4F92-8F56-4A04D67AE14D}.Debug|Mixed Platforms.Build.0 = Debug|Any CPU
		{ABF49338-C893-4F92-8F56-4A04D67AE14D}.Debug|x86.ActiveCfg = Debug|Any CPU
		{ABF49338-C893-4F92-8F56-4A04D67AE14D}.Release|Any CPU.ActiveCfg = Release|Any CPU
		{ABF49338-C893-4F92-8F56-4A04D67AE14D}.Release|Any CPU.Build.0 = Release|Any CPU
		{ABF49338-C893-4F92-8F56-4A04D67AE14D}.Release|Mixed Platforms.ActiveCfg = Release|Any CPU
		{ABF49338-C893-4F92-8F56-4A04D67AE14D}.Release|Mixed Platforms.Build.0 = Release|Any CPU
		{ABF49338-C893-4F92-8F56-4A04D67AE14D}.Release|x86.ActiveCfg = Release|Any CPU
		{5610A3AB-5ACF-4F1D-94D1-9FE76118669B}.Debug|Any CPU.ActiveCfg = Debug|x86
		{5610A3AB-5ACF-4F1D-94D1-9FE76118669B}.Debug|Mixed Platforms.ActiveCfg = Debug|x86
		{5610A3AB-5ACF-4F1D-94D1-9FE76118669B}.Debug|Mixed Platforms.Build.0 = Debug|x86
		{5610A3AB-5ACF-4F1D-94D1-9FE76118669B}.Debug|x86.ActiveCfg = Debug|x86
		{5610A3AB-5ACF-4F1D-94D1-9FE76118669B}.Debug|x86.Build.0 = Debug|x86
		{5610A3AB-5ACF-4F1D-94D1-9FE76118669B}.Release|Any CPU.ActiveCfg = Release|x86
		{5610A3AB-5ACF-4F1D-94D1-9FE76118669B}.Release|Mixed Platforms.ActiveCfg = Release|x86
		{5610A3AB-5ACF-4F1D-94D1-9FE76118669B}.Release|Mixed Platforms.Build.0 = Release|x86
		{5610A3AB-5ACF-4F1D-94D1-9FE76118669B}.Release|x86.ActiveCfg = Release|x86
		{5610A3AB-5ACF-4F1D-94D1-9FE76118669B}.Release|x86.Build.0 = Release|x86
		{3213CBF1-48C6-47A6-9929-4E033A80EFD5}.Debug|Any CPU.ActiveCfg = Debug|Any CPU
		{3213CBF1-48C6-47A6-9929-4E033A80EFD5}.Debug|Any CPU.Build.0 = Debug|Any CPU
		{3213CBF1-48C6-47A6-9929-4E033A80EFD5}.Debug|Mixed Platforms.ActiveCfg = Debug|Any CPU
		{3213CBF1-48C6-47A6-9929-4E033A80EFD5}.Debug|Mixed Platforms.Build.0 = Debug|Any CPU
		{3213CBF1-48C6-47A6-9929-4E033A80EFD5}.Debug|x86.ActiveCfg = Debug|Any CPU
		{3213CBF1-48C6-47A6-9929-4E033A80EFD5}.Release|Any CPU.ActiveCfg = Release|Any CPU
		{3213CBF1-48C6-47A6-9929-4E033A80EFD5}.Release|Any CPU.Build.0 = Release|Any CPU
		{3213CBF1-48C6-47A6-9929-4E033A80EFD5}.Release|Mixed Platforms.ActiveCfg = Release|Any CPU
		{3213CBF1-48C6-47A6-9929-4E033A80EFD5}.Release|Mixed Platforms.Build.0 = Release|Any CPU
		{3213CBF1-48C6-47A6-9929-4E033A80EFD5}.Release|x86.ActiveCfg = Release|Any CPU
		{8C95B4EA-96E8-4CD4-B3D5-F3A927F3CE2D}.Debug|Any CPU.ActiveCfg = Debug|Any CPU
		{8C95B4EA-96E8-4CD4-B3D5-F3A927F3CE2D}.Debug|Any CPU.Build.0 = Debug|Any CPU
		{8C95B4EA-96E8-4CD4-B3D5-F3A927F3CE2D}.Debug|Mixed Platforms.ActiveCfg = Debug|Any CPU
		{8C95B4EA-96E8-4CD4-B3D5-F3A927F3CE2D}.Debug|Mixed Platforms.Build.0 = Debug|Any CPU
		{8C95B4EA-96E8-4CD4-B3D5-F3A927F3CE2D}.Debug|x86.ActiveCfg = Debug|Any CPU
		{8C95B4EA-96E8-4CD4-B3D5-F3A927F3CE2D}.Release|Any CPU.ActiveCfg = Release|Any CPU
		{8C95B4EA-96E8-4CD4-B3D5-F3A927F3CE2D}.Release|Any CPU.Build.0 = Release|Any CPU
		{8C95B4EA-96E8-4CD4-B3D5-F3A927F3CE2D}.Release|Mixed Platforms.ActiveCfg = Release|Any CPU
		{8C95B4EA-96E8-4CD4-B3D5-F3A927F3CE2D}.Release|Mixed Platforms.Build.0 = Release|Any CPU
		{8C95B4EA-96E8-4CD4-B3D5-F3A927F3CE2D}.Release|x86.ActiveCfg = Release|Any CPU
		{D95F7ABB-087E-452E-931F-DFF61FBEC24A}.Debug|Any CPU.ActiveCfg = Debug|Any CPU
		{D95F7ABB-087E-452E-931F-DFF61FBEC24A}.Debug|Any CPU.Build.0 = Debug|Any CPU
		{D95F7ABB-087E-452E-931F-DFF61FBEC24A}.Debug|Mixed Platforms.ActiveCfg = Debug|Any CPU
		{D95F7ABB-087E-452E-931F-DFF61FBEC24A}.Debug|Mixed Platforms.Build.0 = Debug|Any CPU
		{D95F7ABB-087E-452E-931F-DFF61FBEC24A}.Debug|x86.ActiveCfg = Debug|Any CPU
		{D95F7ABB-087E-452E-931F-DFF61FBEC24A}.Release|Any CPU.ActiveCfg = Release|Any CPU
		{D95F7ABB-087E-452E-931F-DFF61FBEC24A}.Release|Any CPU.Build.0 = Release|Any CPU
		{D95F7ABB-087E-452E-931F-DFF61FBEC24A}.Release|Mixed Platforms.ActiveCfg = Release|Any CPU
		{D95F7ABB-087E-452E-931F-DFF61FBEC24A}.Release|Mixed Platforms.Build.0 = Release|Any CPU
		{D95F7ABB-087E-452E-931F-DFF61FBEC24A}.Release|x86.ActiveCfg = Release|Any CPU
		{F3DDF598-C521-42E7-B02B-1B500774F8F1}.Debug|Any CPU.ActiveCfg = Debug|x86
		{F3DDF598-C521-42E7-B02B-1B500774F8F1}.Debug|Mixed Platforms.ActiveCfg = Debug|x86
		{F3DDF598-C521-42E7-B02B-1B500774F8F1}.Debug|Mixed Platforms.Build.0 = Debug|x86
		{F3DDF598-C521-42E7-B02B-1B500774F8F1}.Debug|x86.ActiveCfg = Debug|x86
		{F3DDF598-C521-42E7-B02B-1B500774F8F1}.Debug|x86.Build.0 = Debug|x86
		{F3DDF598-C521-42E7-B02B-1B500774F8F1}.Release|Any CPU.ActiveCfg = Release|x86
		{F3DDF598-C521-42E7-B02B-1B500774F8F1}.Release|Mixed Platforms.ActiveCfg = Release|x86
		{F3DDF598-C521-42E7-B02B-1B500774F8F1}.Release|Mixed Platforms.Build.0 = Release|x86
		{F3DDF598-C521-42E7-B02B-1B500774F8F1}.Release|x86.ActiveCfg = Release|x86
		{F3DDF598-C521-42E7-B02B-1B500774F8F1}.Release|x86.Build.0 = Release|x86
		{1FDEF00B-C6C4-4E58-8503-F3B4C3E087EC}.Debug|Any CPU.ActiveCfg = Debug|Any CPU
		{1FDEF00B-C6C4-4E58-8503-F3B4C3E087EC}.Debug|Any CPU.Build.0 = Debug|Any CPU
		{1FDEF00B-C6C4-4E58-8503-F3B4C3E087EC}.Debug|Mixed Platforms.ActiveCfg = Debug|Any CPU
		{1FDEF00B-C6C4-4E58-8503-F3B4C3E087EC}.Debug|Mixed Platforms.Build.0 = Debug|Any CPU
		{1FDEF00B-C6C4-4E58-8503-F3B4C3E087EC}.Debug|x86.ActiveCfg = Debug|Any CPU
		{1FDEF00B-C6C4-4E58-8503-F3B4C3E087EC}.Release|Any CPU.ActiveCfg = Release|Any CPU
		{1FDEF00B-C6C4-4E58-8503-F3B4C3E087EC}.Release|Any CPU.Build.0 = Release|Any CPU
		{1FDEF00B-C6C4-4E58-8503-F3B4C3E087EC}.Release|Mixed Platforms.ActiveCfg = Release|Any CPU
		{1FDEF00B-C6C4-4E58-8503-F3B4C3E087EC}.Release|Mixed Platforms.Build.0 = Release|Any CPU
		{1FDEF00B-C6C4-4E58-8503-F3B4C3E087EC}.Release|x86.ActiveCfg = Release|Any CPU
		{1CC8C2F1-FE42-4550-944F-3CCC1C68581D}.Debug|Any CPU.ActiveCfg = Debug|Any CPU
		{1CC8C2F1-FE42-4550-944F-3CCC1C68581D}.Debug|Any CPU.Build.0 = Debug|Any CPU
		{1CC8C2F1-FE42-4550-944F-3CCC1C68581D}.Debug|Mixed Platforms.ActiveCfg = Debug|Any CPU
		{1CC8C2F1-FE42-4550-944F-3CCC1C68581D}.Debug|Mixed Platforms.Build.0 = Debug|Any CPU
		{1CC8C2F1-FE42-4550-944F-3CCC1C68581D}.Debug|x86.ActiveCfg = Debug|Any CPU
		{1CC8C2F1-FE42-4550-944F-3CCC1C68581D}.Release|Any CPU.ActiveCfg = Release|Any CPU
		{1CC8C2F1-FE42-4550-944F-3CCC1C68581D}.Release|Any CPU.Build.0 = Release|Any CPU
		{1CC8C2F1-FE42-4550-944F-3CCC1C68581D}.Release|Mixed Platforms.ActiveCfg = Release|Any CPU
		{1CC8C2F1-FE42-4550-944F-3CCC1C68581D}.Release|Mixed Platforms.Build.0 = Release|Any CPU
		{1CC8C2F1-FE42-4550-944F-3CCC1C68581D}.Release|x86.ActiveCfg = Release|Any CPU
	EndGlobalSection
	GlobalSection(SolutionProperties) = preSolution
		HideSolutionNode = FALSE
	EndGlobalSection
EndGlobal
